
Microsoft Visual Studio Solution File, Format Version 12.00
# Visual Studio Version 17
VisualStudioVersion = 17.9.34723.18
MinimumVisualStudioVersion = 10.0.40219.1
Project("{FAE04EC0-301F-11D3-BF4B-00C04F79EFBC}") = "firstProject", "firstProject\firstProject.csproj", "{95BCFDBB-02EC-4459-B2DD-0F099435D081}"
EndProject
Global
	GlobalSection(SolutionConfigurationPlatforms) = preSolution
		Debug|Any CPU = Debug|Any CPU
		Release|Any CPU = Release|Any CPU
	EndGlobalSection
	GlobalSection(ProjectConfigurationPlatforms) = postSolution
		{95BCFDBB-02EC-4459-B2DD-0F099435D081}.Debug|Any CPU.ActiveCfg = Debug|Any CPU
		{95BCFDBB-02EC-4459-B2DD-0F099435D081}.Debug|Any CPU.Build.0 = Debug|Any CPU
		{95BCFDBB-02EC-4459-B2DD-0F099435D081}.Release|Any CPU.ActiveCfg = Release|Any CPU
		{95BCFDBB-02EC-4459-B2DD-0F099435D081}.Release|Any CPU.Build.0 = Release|Any CPU
	EndGlobalSection
	GlobalSection(SolutionProperties) = preSolution
		HideSolutionNode = FALSE
	EndGlobalSection
	GlobalSection(ExtensibilityGlobals) = postSolution
		SolutionGuid = {3794A433-8184-42AD-9A43-44381300FEA1}
	EndGlobalSection
EndGlobal
